PODS:
  - AFNetworking (2.5.2):
    - AFNetworking/NSURLConnection (= 2.5.2)
    - AFNetworking/NSURLSession (= 2.5.2)
    - AFNetworking/Reachability (= 2.5.2)
    - AFNetworking/Security (= 2.5.2)
    - AFNetworking/Serialization (= 2.5.2)
    - AFNetworking/UIKit (= 2.5.2)
  - AFNetworking/NSURLConnection (2.5.2):
    - AFNetworking/Reachability
    - AFNetworking/Security
    - AFNetworking/Serialization
  - AFNetworking/NSURLSession (2.5.2):
    - AFNetworking/Reachability
    - AFNetworking/Security
    - AFNetworking/Serialization
  - AFNetworking/Reachability (2.5.2)
  - AFNetworking/Security (2.5.2)
  - AFNetworking/Serialization (2.5.2)
  - AFNetworking/UIKit (2.5.2):
    - AFNetworking/NSURLConnection
    - AFNetworking/NSURLSession
  - EDStarRating (1.1)
  - FMDB (2.5):
    - FMDB/standard (= 2.5)
  - FMDB/common (2.5)
  - FMDB/standard (2.5):
    - FMDB/common
  - PureLayout (2.0.5)
  - SDWebImage (3.7.2):
    - SDWebImage/Core (= 3.7.2)
  - SDWebImage/Core (3.7.2)
  - SFTagView (0.6):
    - PureLayout
  - SWTableViewCell (0.3.7)
  - TPKeyboardAvoiding (1.2.6)
  - X_TableView (0.11)
  - YTKKeyValueStore (0.1.2):
    - FMDB (~> 2.0)

DEPENDENCIES:
  - AFNetworking (~> 2.0)
  - EDStarRating
  - FMDB
  - SDWebImage (~> 3.7)
  - SFTagView
  - SWTableViewCell (~> 0.3.7)
  - TPKeyboardAvoiding (~> 1.2.6)
  - X_TableView (from `https://github.com/fc01/X_TableView.git`, tag `0.11`)
  - YTKKeyValueStore

EXTERNAL SOURCES:
  X_TableView:
    :git: https://github.com/fc01/X_TableView.git
    :tag: '0.11'

CHECKOUT OPTIONS:
  X_TableView:
    :git: https://github.com/fc01/X_TableView.git
    :tag: '0.11'

SPEC CHECKSUMS:
  AFNetworking: fefbce9660acb17f48ae0011292d4da0f457bf36
  EDStarRating: a41a6440a945020745d0e9ff8ada7d1afa952114
  FMDB: 96e8f1bcc1329e269330f99770ad4285d9003e52
  PureLayout: a0fe75f1cf485801e7e00b723b8a3c32dca558e2
  SDWebImage: 71b7cdc1d1721d6a82ed62889030225f2c249e29
  SFTagView: 55cd68e4a9a59328d5b06fbddd7982380c8d64b6
  SWTableViewCell: 2a94aadc9d47b2b611fa064566bf57948b95b579
  TPKeyboardAvoiding: ee4dd35e3bb7bb64bfbda47e7cc9ba872ff10f77
  X_TableView: cb540d53e41f9eb89d5deec115c39cc5282eab30
  YTKKeyValueStore: 4d002941540dd5108fa23009b71e0f2f937f7a0f

COCOAPODS: 0.36.3
